
Microsoft Visual Studio Solution File, Format Version 12.00
# Visual Studio Version 17
VisualStudioVersion = 17.0.32112.339
MinimumVisualStudioVersion = 10.0.40219.1
Project("{FAE04EC0-301F-11D3-BF4B-00C04F79EFBC}") = "NCAA2022", "NCAA2022\NCAA2022.csproj", "{5E964DC4-57C9-49CD-9DA0-4C36B6DE6C55}"
EndProject
Project("{2150E333-8FDC-42A3-9474-1A3956D46DE8}") = "Solution Items", "Solution Items", "{3527DEE5-55F3-44DC-A7BA-30DC0A3E6C51}"
EndProject
Global
	GlobalSection(SolutionConfigurationPlatforms) = preSolution
		Debug|Any CPU = Debug|Any CPU
		Release|Any CPU = Release|Any CPU
	EndGlobalSection
	GlobalSection(ProjectConfigurationPlatforms) = postSolution
		{5E964DC4-57C9-49CD-9DA0-4C36B6DE6C55}.Debug|Any CPU.ActiveCfg = Debug|Any CPU
		{5E964DC4-57C9-49CD-9DA0-4C36B6DE6C55}.Debug|Any CPU.Build.0 = Debug|Any CPU
		{5E964DC4-57C9-49CD-9DA0-4C36B6DE6C55}.Release|Any CPU.ActiveCfg = Release|Any CPU
		{5E964DC4-57C9-49CD-9DA0-4C36B6DE6C55}.Release|Any CPU.Build.0 = Release|Any CPU
	EndGlobalSection
	GlobalSection(SolutionProperties) = preSolution
		HideSolutionNode = FALSE
	EndGlobalSection
	GlobalSection(ExtensibilityGlobals) = postSolution
		SolutionGuid = {9A2B1D7F-8BF4-4BBD-8F5E-38C1E71C9A49}
	EndGlobalSection
EndGlobal
